
Microsoft Visual Studio Solution File, Format Version 12.00
# Visual Studio Version 17
VisualStudioVersion = 17.7.34031.279
MinimumVisualStudioVersion = 10.0.40219.1
Project("{FAE04EC0-301F-11D3-BF4B-00C04F79EFBC}") = "Producer", "Producer\Producer.csproj", "{F8DC7152-2815-4776-84C5-3B17C230E60A}"
EndProject
Project("{FAE04EC0-301F-11D3-BF4B-00C04F79EFBC}") = "Consumer", "Consumer\Consumer.csproj", "{740C19A1-ECE5-42DA-A66B-EFA07F27180E}"
EndProject
Global
	GlobalSection(SolutionConfigurationPlatforms) = preSolution
		Debug|Any CPU = Debug|Any CPU
		Release|Any CPU = Release|Any CPU
	EndGlobalSection
	GlobalSection(ProjectConfigurationPlatforms) = postSolution
		{F8DC7152-2815-4776-84C5-3B17C230E60A}.Debug|Any CPU.ActiveCfg = Debug|Any CPU
		{F8DC7152-2815-4776-84C5-3B17C230E60A}.Debug|Any CPU.Build.0 = Debug|Any CPU
		{F8DC7152-2815-4776-84C5-3B17C230E60A}.Release|Any CPU.ActiveCfg = Release|Any CPU
		{F8DC7152-2815-4776-84C5-3B17C230E60A}.Release|Any CPU.Build.0 = Release|Any CPU
		{740C19A1-ECE5-42DA-A66B-EFA07F27180E}.Debug|Any CPU.ActiveCfg = Debug|Any CPU
		{740C19A1-ECE5-42DA-A66B-EFA07F27180E}.Debug|Any CPU.Build.0 = Debug|Any CPU
		{740C19A1-ECE5-42DA-A66B-EFA07F27180E}.Release|Any CPU.ActiveCfg = Release|Any CPU
		{740C19A1-ECE5-42DA-A66B-EFA07F27180E}.Release|Any CPU.Build.0 = Release|Any CPU
	EndGlobalSection
	GlobalSection(SolutionProperties) = preSolution
		HideSolutionNode = FALSE
	EndGlobalSection
	GlobalSection(ExtensibilityGlobals) = postSolution
		SolutionGuid = {F9DD30E8-9142-4345-B241-41CC891C376D}
	EndGlobalSection
EndGlobal
